{
  "pins" : [
    {
      "identity" : "swinject",
      "kind" : "remoteSourceControl",
      "location" : "https://github.com/hades2308/Swinject.git",
      "state" : {
        "revision" : "a5c0439225ba509880dae93955a28e42b6088bb2",
        "version" : "2.8.5"
      }
    }
  ],
  "version" : 2
}
