// !$*UTF8*$!
{
	archiveVersion = 1;
	classes = {
	};
	objectVersion = 46;
	objects = {

/* Begin PBXBuildFile section */
		9859040A1CDB0AA700275E4A /* SwinjectStoryboard.h in Headers */ = {isa = PBXBuildFile; fileRef = 985904091CDB0AA700275E4A /* SwinjectStoryboard.h */; settings = {ATTRIBUTES = (Public, ); }; };
		985904111CDB0AA700275E4A /* SwinjectStoryboard.framework in Frameworks */ = {isa = PBXBuildFile; fileRef = 985904061CDB0AA700275E4A /* SwinjectStoryboard.framework */; };
		985904161CDB0AA700275E4A /* SwinjectStoryboardTests.swift in Sources */ = {isa = PBXBuildFile; fileRef = 985904151CDB0AA700275E4A /* SwinjectStoryboardTests.swift */; };
		98D562821CDB173500DECDC0 /* SwinjectStoryboard.framework in Frameworks */ = {isa = PBXBuildFile; fileRef = 98D562781CDB173500DECDC0 /* SwinjectStoryboard.framework */; };
		98D5629E1CDB19AB00DECDC0 /* SwinjectStoryboard.framework in Frameworks */ = {isa = PBXBuildFile; fileRef = 98D562941CDB19AB00DECDC0 /* SwinjectStoryboard.framework */; };
/* End PBXBuildFile section */

/* Begin PBXContainerItemProxy section */
		985904121CDB0AA700275E4A /* PBXContainerItemProxy */ = {
			isa = PBXContainerItemProxy;
			containerPortal = 985903FD1CDB0AA700275E4A /* Project object */;
			proxyType = 1;
			remoteGlobalIDString = 985904051CDB0AA700275E4A;
			remoteInfo = SwinjectStoryboard;
		};
		98D562831CDB173500DECDC0 /* PBXContainerItemProxy */ = {
			isa = PBXContainerItemProxy;
			containerPortal = 985903FD1CDB0AA700275E4A /* Project object */;
			proxyType = 1;
			remoteGlobalIDString = 98D562771CDB173500DECDC0;
			remoteInfo = SwinjectStoryboard;
		};
		98D5629F1CDB19AB00DECDC0 /* PBXContainerItemProxy */ = {
			isa = PBXContainerItemProxy;
			containerPortal = 985903FD1CDB0AA700275E4A /* Project object */;
			proxyType = 1;
			remoteGlobalIDString = 98D562931CDB19AB00DECDC0;
			remoteInfo = SwinjectStoryboard;
		};
/* End PBXContainerItemProxy section */

/* Begin PBXFileReference section */
		985904061CDB0AA700275E4A /* SwinjectStoryboard.framework */ = {isa = PBXFileReference; explicitFileType = wrapper.framework; includeInIndex = 0; path = SwinjectStoryboard.framework; sourceTree = BUILT_PRODUCTS_DIR; };
		985904091CDB0AA700275E4A /* SwinjectStoryboard.h */ = {isa = PBXFileReference; lastKnownFileType = sourcecode.c.h; path = SwinjectStoryboard.h; sourceTree = "<group>"; };
		9859040B1CDB0AA700275E4A /* Info.plist */ = {isa = PBXFileReference; lastKnownFileType = text.plist.xml; path = Info.plist; sourceTree = "<group>"; };
		985904101CDB0AA700275E4A /* SwinjectStoryboardTests.xctest */ = {isa = PBXFileReference; explicitFileType = wrapper.cfbundle; includeInIndex = 0; path = SwinjectStoryboardTests.xctest; sourceTree = BUILT_PRODUCTS_DIR; };
		985904151CDB0AA700275E4A /* SwinjectStoryboardTests.swift */ = {isa = PBXFileReference; lastKnownFileType = sourcecode.swift; path = SwinjectStoryboardTests.swift; sourceTree = "<group>"; };
		985904171CDB0AA700275E4A /* Info.plist */ = {isa = PBXFileReference; lastKnownFileType = text.plist.xml; path = Info.plist; sourceTree = "<group>"; };
		98D562781CDB173500DECDC0 /* SwinjectStoryboard.framework */ = {isa = PBXFileReference; explicitFileType = wrapper.framework; includeInIndex = 0; path = SwinjectStoryboard.framework; sourceTree = BUILT_PRODUCTS_DIR; };
		98D562811CDB173500DECDC0 /* SwinjectStoryboardTests.xctest */ = {isa = PBXFileReference; explicitFileType = wrapper.cfbundle; includeInIndex = 0; path = SwinjectStoryboardTests.xctest; sourceTree = BUILT_PRODUCTS_DIR; };
		98D562941CDB19AB00DECDC0 /* SwinjectStoryboard.framework */ = {isa = PBXFileReference; explicitFileType = wrapper.framework; includeInIndex = 0; path = SwinjectStoryboard.framework; sourceTree = BUILT_PRODUCTS_DIR; };
		98D5629D1CDB19AB00DECDC0 /* SwinjectStoryboardTests.xctest */ = {isa = PBXFileReference; explicitFileType = wrapper.cfbundle; includeInIndex = 0; path = SwinjectStoryboardTests.xctest; sourceTree = BUILT_PRODUCTS_DIR; };
/* End PBXFileReference section */

/* Begin PBXFrameworksBuildPhase section */
		985904021CDB0AA700275E4A /* Frameworks */ = {
			isa = PBXFrameworksBuildPhase;
			buildActionMask = 2147483647;
			files = (
			);
			runOnlyForDeploymentPostprocessing = 0;
		};
		9859040D1CDB0AA700275E4A /* Frameworks */ = {
			isa = PBXFrameworksBuildPhase;
			buildActionMask = 2147483647;
			files = (
				985904111CDB0AA700275E4A /* SwinjectStoryboard.framework in Frameworks */,
			);
			runOnlyForDeploymentPostprocessing = 0;
		};
		98D562741CDB173500DECDC0 /* Frameworks */ = {
			isa = PBXFrameworksBuildPhase;
			buildActionMask = 2147483647;
			files = (
			);
			runOnlyForDeploymentPostprocessing = 0;
		};
		98D5627E1CDB173500DECDC0 /* Frameworks */ = {
			isa = PBXFrameworksBuildPhase;
			buildActionMask = 2147483647;
			files = (
				98D562821CDB173500DECDC0 /* SwinjectStoryboard.framework in Frameworks */,
			);
			runOnlyForDeploymentPostprocessing = 0;
		};
		98D562901CDB19AB00DECDC0 /* Frameworks */ = {
			isa = PBXFrameworksBuildPhase;
			buildActionMask = 2147483647;
			files = (
			);
			runOnlyForDeploymentPostprocessing = 0;
		};
		98D5629A1CDB19AB00DECDC0 /* Frameworks */ = {
			isa = PBXFrameworksBuildPhase;
			buildActionMask = 2147483647;
			files = (
				98D5629E1CDB19AB00DECDC0 /* SwinjectStoryboard.framework in Frameworks */,
			);
			runOnlyForDeploymentPostprocessing = 0;
		};
/* End PBXFrameworksBuildPhase section */

/* Begin PBXGroup section */
		985903FC1CDB0AA700275E4A = {
			isa = PBXGroup;
			children = (
				985904081CDB0AA700275E4A /* Sources */,
				985904141CDB0AA700275E4A /* Tests */,
				985904071CDB0AA700275E4A /* Products */,
			);
			sourceTree = "<group>";
		};
		985904071CDB0AA700275E4A /* Products */ = {
			isa = PBXGroup;
			children = (
				985904061CDB0AA700275E4A /* SwinjectStoryboard.framework */,
				985904101CDB0AA700275E4A /* SwinjectStoryboardTests.xctest */,
				98D562781CDB173500DECDC0 /* SwinjectStoryboard.framework */,
				98D562811CDB173500DECDC0 /* SwinjectStoryboardTests.xctest */,
				98D562941CDB19AB00DECDC0 /* SwinjectStoryboard.framework */,
				98D5629D1CDB19AB00DECDC0 /* SwinjectStoryboardTests.xctest */,
			);
			name = Products;
			sourceTree = "<group>";
		};
		985904081CDB0AA700275E4A /* Sources */ = {
			isa = PBXGroup;
			children = (
				985904091CDB0AA700275E4A /* SwinjectStoryboard.h */,
				9859040B1CDB0AA700275E4A /* Info.plist */,
			);
			path = Sources;
			sourceTree = "<group>";
		};
		985904141CDB0AA700275E4A /* Tests */ = {
			isa = PBXGroup;
			children = (
				985904151CDB0AA700275E4A /* SwinjectStoryboardTests.swift */,
				985904171CDB0AA700275E4A /* Info.plist */,
			);
			path = Tests;
			sourceTree = "<group>";
		};
/* End PBXGroup section */

/* Begin PBXHeadersBuildPhase section */
		985904031CDB0AA700275E4A /* Headers */ = {
			isa = PBXHeadersBuildPhase;
			buildActionMask = 2147483647;
			files = (
				9859040A1CDB0AA700275E4A /* SwinjectStoryboard.h in Headers */,
			);
			runOnlyForDeploymentPostprocessing = 0;
		};
		98D562751CDB173500DECDC0 /* Headers */ = {
			isa = PBXHeadersBuildPhase;
			buildActionMask = 2147483647;
			files = (
			);
			runOnlyForDeploymentPostprocessing = 0;
		};
		98D562911CDB19AB00DECDC0 /* Headers */ = {
			isa = PBXHeadersBuildPhase;
			buildActionMask = 2147483647;
			files = (
			);
			runOnlyForDeploymentPostprocessing = 0;
		};
/* End PBXHeadersBuildPhase section */

/* Begin PBXNativeTarget section */
		985904051CDB0AA700275E4A /* SwinjectStoryboard-iOS */ = {
			isa = PBXNativeTarget;
			buildConfigurationList = 9859041A1CDB0AA700275E4A /* Build configuration list for PBXNativeTarget "SwinjectStoryboard-iOS" */;
			buildPhases = (
				985904011CDB0AA700275E4A /* Sources */,
				985904021CDB0AA700275E4A /* Frameworks */,
				985904031CDB0AA700275E4A /* Headers */,
				985904041CDB0AA700275E4A /* Resources */,
			);
			buildRules = (
			);
			dependencies = (
			);
			name = "SwinjectStoryboard-iOS";
			productName = SwinjectStoryboard;
			productReference = 985904061CDB0AA700275E4A /* SwinjectStoryboard.framework */;
			productType = "com.apple.product-type.framework";
		};
		9859040F1CDB0AA700275E4A /* SwinjectStoryboard-iOSTests */ = {
			isa = PBXNativeTarget;
			buildConfigurationList = 9859041D1CDB0AA700275E4A /* Build configuration list for PBXNativeTarget "SwinjectStoryboard-iOSTests" */;
			buildPhases = (
				9859040C1CDB0AA700275E4A /* Sources */,
				9859040D1CDB0AA700275E4A /* Frameworks */,
				9859040E1CDB0AA700275E4A /* Resources */,
			);
			buildRules = (
			);
			dependencies = (
				985904131CDB0AA700275E4A /* PBXTargetDependency */,
			);
			name = "SwinjectStoryboard-iOSTests";
			productName = SwinjectStoryboardTests;
			productReference = 985904101CDB0AA700275E4A /* SwinjectStoryboardTests.xctest */;
			productType = "com.apple.product-type.bundle.unit-test";
		};
		98D562771CDB173500DECDC0 /* SwinjectStoryboard-OSX */ = {
			isa = PBXNativeTarget;
			buildConfigurationList = 98D562891CDB173500DECDC0 /* Build configuration list for PBXNativeTarget "SwinjectStoryboard-OSX" */;
			buildPhases = (
				98D562731CDB173500DECDC0 /* Sources */,
				98D562741CDB173500DECDC0 /* Frameworks */,
				98D562751CDB173500DECDC0 /* Headers */,
				98D562761CDB173500DECDC0 /* Resources */,
			);
			buildRules = (
			);
			dependencies = (
			);
			name = "SwinjectStoryboard-OSX";
			productName = SwinjectStoryboard;
			productReference = 98D562781CDB173500DECDC0 /* SwinjectStoryboard.framework */;
			productType = "com.apple.product-type.framework";
		};
		98D562801CDB173500DECDC0 /* SwinjectStoryboard-OSXTests */ = {
			isa = PBXNativeTarget;
			buildConfigurationList = 98D5628C1CDB173500DECDC0 /* Build configuration list for PBXNativeTarget "SwinjectStoryboard-OSXTests" */;
			buildPhases = (
				98D5627D1CDB173500DECDC0 /* Sources */,
				98D5627E1CDB173500DECDC0 /* Frameworks */,
				98D5627F1CDB173500DECDC0 /* Resources */,
			);
			buildRules = (
			);
			dependencies = (
				98D562841CDB173500DECDC0 /* PBXTargetDependency */,
			);
			name = "SwinjectStoryboard-OSXTests";
			productName = SwinjectStoryboardTests;
			productReference = 98D562811CDB173500DECDC0 /* SwinjectStoryboardTests.xctest */;
			productType = "com.apple.product-type.bundle.unit-test";
		};
		98D562931CDB19AB00DECDC0 /* SwinjectStoryboard-tvOS */ = {
			isa = PBXNativeTarget;
			buildConfigurationList = 98D562A91CDB19AB00DECDC0 /* Build configuration list for PBXNativeTarget "SwinjectStoryboard-tvOS" */;
			buildPhases = (
				98D5628F1CDB19AB00DECDC0 /* Sources */,
				98D562901CDB19AB00DECDC0 /* Frameworks */,
				98D562911CDB19AB00DECDC0 /* Headers */,
				98D562921CDB19AB00DECDC0 /* Resources */,
			);
			buildRules = (
			);
			dependencies = (
			);
			name = "SwinjectStoryboard-tvOS";
			productName = SwinjectStoryboard;
			productReference = 98D562941CDB19AB00DECDC0 /* SwinjectStoryboard.framework */;
			productType = "com.apple.product-type.framework";
		};
		98D5629C1CDB19AB00DECDC0 /* SwinjectStoryboard-tvOSTests */ = {
			isa = PBXNativeTarget;
			buildConfigurationList = 98D562AA1CDB19AB00DECDC0 /* Build configuration list for PBXNativeTarget "SwinjectStoryboard-tvOSTests" */;
			buildPhases = (
				98D562991CDB19AB00DECDC0 /* Sources */,
				98D5629A1CDB19AB00DECDC0 /* Frameworks */,
				98D5629B1CDB19AB00DECDC0 /* Resources */,
			);
			buildRules = (
			);
			dependencies = (
				98D562A01CDB19AB00DECDC0 /* PBXTargetDependency */,
			);
			name = "SwinjectStoryboard-tvOSTests";
			productName = SwinjectStoryboardTests;
			productReference = 98D5629D1CDB19AB00DECDC0 /* SwinjectStoryboardTests.xctest */;
			productType = "com.apple.product-type.bundle.unit-test";
		};
/* End PBXNativeTarget section */

/* Begin PBXProject section */
		985903FD1CDB0AA700275E4A /* Project object */ = {
			isa = PBXProject;
			attributes = {
				LastSwiftUpdateCheck = 0730;
				LastUpgradeCheck = 0730;
				ORGANIZATIONNAME = "Swinject Contributors";
				TargetAttributes = {
					985904051CDB0AA700275E4A = {
						CreatedOnToolsVersion = 7.3.1;
					};
					9859040F1CDB0AA700275E4A = {
						CreatedOnToolsVersion = 7.3.1;
					};
					98D562771CDB173500DECDC0 = {
						CreatedOnToolsVersion = 7.3.1;
					};
					98D562801CDB173500DECDC0 = {
						CreatedOnToolsVersion = 7.3.1;
					};
					98D562931CDB19AB00DECDC0 = {
						CreatedOnToolsVersion = 7.3.1;
					};
					98D5629C1CDB19AB00DECDC0 = {
						CreatedOnToolsVersion = 7.3.1;
					};
				};
			};
			buildConfigurationList = 985904001CDB0AA700275E4A /* Build configuration list for PBXProject "SwinjectStoryboard" */;
			compatibilityVersion = "Xcode 3.2";
			developmentRegion = English;
			hasScannedForEncodings = 0;
			knownRegions = (
				en,
			);
			mainGroup = 985903FC1CDB0AA700275E4A;
			productRefGroup = 985904071CDB0AA700275E4A /* Products */;
			projectDirPath = "";
			projectRoot = "";
			targets = (
				985904051CDB0AA700275E4A /* SwinjectStoryboard-iOS */,
				9859040F1CDB0AA700275E4A /* SwinjectStoryboard-iOSTests */,
				98D562771CDB173500DECDC0 /* SwinjectStoryboard-OSX */,
				98D562801CDB173500DECDC0 /* SwinjectStoryboard-OSXTests */,
				98D562931CDB19AB00DECDC0 /* SwinjectStoryboard-tvOS */,
				98D5629C1CDB19AB00DECDC0 /* SwinjectStoryboard-tvOSTests */,
			);
		};
/* End PBXProject section */

/* Begin PBXResourcesBuildPhase section */
		985904041CDB0AA700275E4A /* Resources */ = {
			isa = PBXResourcesBuildPhase;
			buildActionMask = 2147483647;
			files = (
			);
			runOnlyForDeploymentPostprocessing = 0;
		};
		9859040E1CDB0AA700275E4A /* Resources */ = {
			isa = PBXResourcesBuildPhase;
			buildActionMask = 2147483647;
			files = (
			);
			runOnlyForDeploymentPostprocessing = 0;
		};
		98D562761CDB173500DECDC0 /* Resources */ = {
			isa = PBXResourcesBuildPhase;
			buildActionMask = 2147483647;
			files = (
			);
			runOnlyForDeploymentPostprocessing = 0;
		};
		98D5627F1CDB173500DECDC0 /* Resources */ = {
			isa = PBXResourcesBuildPhase;
			buildActionMask = 2147483647;
			files = (
			);
			runOnlyForDeploymentPostprocessing = 0;
		};
		98D562921CDB19AB00DECDC0 /* Resources */ = {
			isa = PBXResourcesBuildPhase;
			buildActionMask = 2147483647;
			files = (
			);
			runOnlyForDeploymentPostprocessing = 0;
		};
		98D5629B1CDB19AB00DECDC0 /* Resources */ = {
			isa = PBXResourcesBuildPhase;
			buildActionMask = 2147483647;
			files = (
			);
			runOnlyForDeploymentPostprocessing = 0;
		};
/* End PBXResourcesBuildPhase section */

/* Begin PBXSourcesBuildPhase section */
		985904011CDB0AA700275E4A /* Sources */ = {
			isa = PBXSourcesBuildPhase;
			buildActionMask = 2147483647;
			files = (
			);
			runOnlyForDeploymentPostprocessing = 0;
		};
		9859040C1CDB0AA700275E4A /* Sources */ = {
			isa = PBXSourcesBuildPhase;
			buildActionMask = 2147483647;
			files = (
				985904161CDB0AA700275E4A /* SwinjectStoryboardTests.swift in Sources */,
			);
			runOnlyForDeploymentPostprocessing = 0;
		};
		98D562731CDB173500DECDC0 /* Sources */ = {
			isa = PBXSourcesBuildPhase;
			buildActionMask = 2147483647;
			files = (
			);
			runOnlyForDeploymentPostprocessing = 0;
		};
		98D5627D1CDB173500DECDC0 /* Sources */ = {
			isa = PBXSourcesBuildPhase;
			buildActionMask = 2147483647;
			files = (
			);
			runOnlyForDeploymentPostprocessing = 0;
		};
		98D5628F1CDB19AB00DECDC0 /* Sources */ = {
			isa = PBXSourcesBuildPhase;
			buildActionMask = 2147483647;
			files = (
			);
			runOnlyForDeploymentPostprocessing = 0;
		};
		98D562991CDB19AB00DECDC0 /* Sources */ = {
			isa = PBXSourcesBuildPhase;
			buildActionMask = 2147483647;
			files = (
			);
			runOnlyForDeploymentPostprocessing = 0;
		};
/* End PBXSourcesBuildPhase section */

/* Begin PBXTargetDependency section */
		985904131CDB0AA700275E4A /* PBXTargetDependency */ = {
			isa = PBXTargetDependency;
			target = 985904051CDB0AA700275E4A /* SwinjectStoryboard-iOS */;
			targetProxy = 985904121CDB0AA700275E4A /* PBXContainerItemProxy */;
		};
		98D562841CDB173500DECDC0 /* PBXTargetDependency */ = {
			isa = PBXTargetDependency;
			target = 98D562771CDB173500DECDC0 /* SwinjectStoryboard-OSX */;
			targetProxy = 98D562831CDB173500DECDC0 /* PBXContainerItemProxy */;
		};
		98D562A01CDB19AB00DECDC0 /* PBXTargetDependency */ = {
			isa = PBXTargetDependency;
			target = 98D562931CDB19AB00DECDC0 /* SwinjectStoryboard-tvOS */;
			targetProxy = 98D5629F1CDB19AB00DECDC0 /* PBXContainerItemProxy */;
		};
/* End PBXTargetDependency section */

/* Begin XCBuildConfiguration section */
		985904181CDB0AA700275E4A /* Debug */ = {
			isa = XCBuildConfiguration;
			buildSettings = {
				ALWAYS_SEARCH_USER_PATHS = NO;
				CLANG_ANALYZER_NONNULL = YES;
				CLANG_CXX_LANGUAGE_STANDARD = "gnu++0x";
				CLANG_CXX_LIBRARY = "libc++";
				CLANG_ENABLE_MODULES = YES;
				CLANG_ENABLE_OBJC_ARC = YES;
				CLANG_WARN_BOOL_CONVERSION = YES;
				CLANG_WARN_CONSTANT_CONVERSION = YES;
				CLANG_WARN_DIRECT_OBJC_ISA_USAGE = YES_ERROR;
				CLANG_WARN_EMPTY_BODY = YES;
				CLANG_WARN_ENUM_CONVERSION = YES;
				CLANG_WARN_INT_CONVERSION = YES;
				CLANG_WARN_OBJC_ROOT_CLASS = YES_ERROR;
				CLANG_WARN_UNREACHABLE_CODE = YES;
				CLANG_WARN__DUPLICATE_METHOD_MATCH = YES;
				"CODE_SIGN_IDENTITY[sdk=iphoneos*]" = "iPhone Developer";
				COPY_PHASE_STRIP = NO;
				CURRENT_PROJECT_VERSION = 1;
				DEBUG_INFORMATION_FORMAT = dwarf;
				ENABLE_STRICT_OBJC_MSGSEND = YES;
				ENABLE_TESTABILITY = YES;
				GCC_C_LANGUAGE_STANDARD = gnu99;
				GCC_DYNAMIC_NO_PIC = NO;
				GCC_NO_COMMON_BLOCKS = YES;
				GCC_OPTIMIZATION_LEVEL = 0;
				GCC_PREPROCESSOR_DEFINITIONS = (
					"DEBUG=1",
					"$(inherited)",
				);
				GCC_WARN_64_TO_32_BIT_CONVERSION = YES;
				GCC_WARN_ABOUT_RETURN_TYPE = YES_ERROR;
				GCC_WARN_UNDECLARED_SELECTOR = YES;
				GCC_WARN_UNINITIALIZED_AUTOS = YES_AGGRESSIVE;
				GCC_WARN_UNUSED_FUNCTION = YES;
				GCC_WARN_UNUSED_VARIABLE = YES;
				IPHONEOS_DEPLOYMENT_TARGET = 9.3;
				MTL_ENABLE_DEBUG_INFO = YES;
				ONLY_ACTIVE_ARCH = YES;
				SDKROOT = iphoneos;
				SWIFT_OPTIMIZATION_LEVEL = "-Onone";
				TARGETED_DEVICE_FAMILY = "1,2";
				VERSIONING_SYSTEM = "apple-generic";
				VERSION_INFO_PREFIX = "";
			};
			name = Debug;
		};
		985904191CDB0AA700275E4A /* Release */ = {
			isa = XCBuildConfiguration;
			buildSettings = {
				ALWAYS_SEARCH_USER_PATHS = NO;
				CLANG_ANALYZER_NONNULL = YES;
				CLANG_CXX_LANGUAGE_STANDARD = "gnu++0x";
				CLANG_CXX_LIBRARY = "libc++";
				CLANG_ENABLE_MODULES = YES;
				CLANG_ENABLE_OBJC_ARC = YES;
				CLANG_WARN_BOOL_CONVERSION = YES;
				CLANG_WARN_CONSTANT_CONVERSION = YES;
				CLANG_WARN_DIRECT_OBJC_ISA_USAGE = YES_ERROR;
				CLANG_WARN_EMPTY_BODY = YES;
				CLANG_WARN_ENUM_CONVERSION = YES;
				CLANG_WARN_INT_CONVERSION = YES;
				CLANG_WARN_OBJC_ROOT_CLASS = YES_ERROR;
				CLANG_WARN_UNREACHABLE_CODE = YES;
				CLANG_WARN__DUPLICATE_METHOD_MATCH = YES;
				"CODE_SIGN_IDENTITY[sdk=iphoneos*]" = "iPhone Developer";
				COPY_PHASE_STRIP = NO;
				CURRENT_PROJECT_VERSION = 1;
				DEBUG_INFORMATION_FORMAT = "dwarf-with-dsym";
				ENABLE_NS_ASSERTIONS = NO;
				ENABLE_STRICT_OBJC_MSGSEND = YES;
				GCC_C_LANGUAGE_STANDARD = gnu99;
				GCC_NO_COMMON_BLOCKS = YES;
				GCC_WARN_64_TO_32_BIT_CONVERSION = YES;
				GCC_WARN_ABOUT_RETURN_TYPE = YES_ERROR;
				GCC_WARN_UNDECLARED_SELECTOR = YES;
				GCC_WARN_UNINITIALIZED_AUTOS = YES_AGGRESSIVE;
				GCC_WARN_UNUSED_FUNCTION = YES;
				GCC_WARN_UNUSED_VARIABLE = YES;
				IPHONEOS_DEPLOYMENT_TARGET = 9.3;
				MTL_ENABLE_DEBUG_INFO = NO;
				SDKROOT = iphoneos;
				TARGETED_DEVICE_FAMILY = "1,2";
				VALIDATE_PRODUCT = YES;
				VERSIONING_SYSTEM = "apple-generic";
				VERSION_INFO_PREFIX = "";
			};
			name = Release;
		};
		9859041B1CDB0AA700275E4A /* Debug */ = {
			isa = XCBuildConfiguration;
			buildSettings = {
				DEFINES_MODULE = YES;
				DYLIB_COMPATIBILITY_VERSION = 1;
				DYLIB_CURRENT_VERSION = 1;
				DYLIB_INSTALL_NAME_BASE = "@rpath";
				INFOPLIST_FILE = Sources/Info.plist;
				INSTALL_PATH = "$(LOCAL_LIBRARY_DIR)/Frameworks";
				LD_RUNPATH_SEARCH_PATHS = "$(inherited) @executable_path/Frameworks @loader_path/Frameworks";
				PRODUCT_BUNDLE_IDENTIFIER = "com.el-eleven.SwinjectStoryboard";
				PRODUCT_NAME = "$(PROJECT_NAME)";
				SKIP_INSTALL = YES;
			};
			name = Debug;
		};
		9859041C1CDB0AA700275E4A /* Release */ = {
			isa = XCBuildConfiguration;
			buildSettings = {
				DEFINES_MODULE = YES;
				DYLIB_COMPATIBILITY_VERSION = 1;
				DYLIB_CURRENT_VERSION = 1;
				DYLIB_INSTALL_NAME_BASE = "@rpath";
				INFOPLIST_FILE = Sources/Info.plist;
				INSTALL_PATH = "$(LOCAL_LIBRARY_DIR)/Frameworks";
				LD_RUNPATH_SEARCH_PATHS = "$(inherited) @executable_path/Frameworks @loader_path/Frameworks";
				PRODUCT_BUNDLE_IDENTIFIER = "com.el-eleven.SwinjectStoryboard";
				PRODUCT_NAME = "$(PROJECT_NAME)";
				SKIP_INSTALL = YES;
			};
			name = Release;
		};
		9859041E1CDB0AA700275E4A /* Debug */ = {
			isa = XCBuildConfiguration;
			buildSettings = {
				INFOPLIST_FILE = Tests/Info.plist;
				LD_RUNPATH_SEARCH_PATHS = "$(inherited) @executable_path/Frameworks @loader_path/Frameworks";
				PRODUCT_BUNDLE_IDENTIFIER = "com.el-eleven.SwinjectStoryboardTests";
				PRODUCT_NAME = "$(PROJECT_NAME)Tests";
			};
			name = Debug;
		};
		9859041F1CDB0AA700275E4A /* Release */ = {
			isa = XCBuildConfiguration;
			buildSettings = {
				INFOPLIST_FILE = Tests/Info.plist;
				LD_RUNPATH_SEARCH_PATHS = "$(inherited) @executable_path/Frameworks @loader_path/Frameworks";
				PRODUCT_BUNDLE_IDENTIFIER = "com.el-eleven.SwinjectStoryboardTests";
				PRODUCT_NAME = "$(PROJECT_NAME)Tests";
			};
			name = Release;
		};
		98D5628A1CDB173500DECDC0 /* Debug */ = {
			isa = XCBuildConfiguration;
			buildSettings = {
				CODE_SIGN_IDENTITY = "-";
				COMBINE_HIDPI_IMAGES = YES;
				DEFINES_MODULE = YES;
				DYLIB_COMPATIBILITY_VERSION = 1;
				DYLIB_CURRENT_VERSION = 1;
				DYLIB_INSTALL_NAME_BASE = "@rpath";
				FRAMEWORK_VERSION = A;
				INFOPLIST_FILE = Sources/Info.plist;
				INSTALL_PATH = "$(LOCAL_LIBRARY_DIR)/Frameworks";
				LD_RUNPATH_SEARCH_PATHS = "$(inherited) @executable_path/../Frameworks @loader_path/Frameworks";
				MACOSX_DEPLOYMENT_TARGET = 10.11;
				PRODUCT_BUNDLE_IDENTIFIER = "com.el-eleven.SwinjectStoryboard";
				PRODUCT_NAME = "$(PROJECT_NAME)";
				SDKROOT = macosx;
				SKIP_INSTALL = YES;
			};
			name = Debug;
		};
		98D5628B1CDB173500DECDC0 /* Release */ = {
			isa = XCBuildConfiguration;
			buildSettings = {
				CODE_SIGN_IDENTITY = "-";
				COMBINE_HIDPI_IMAGES = YES;
				DEFINES_MODULE = YES;
				DYLIB_COMPATIBILITY_VERSION = 1;
				DYLIB_CURRENT_VERSION = 1;
				DYLIB_INSTALL_NAME_BASE = "@rpath";
				FRAMEWORK_VERSION = A;
				INFOPLIST_FILE = Sources/Info.plist;
				INSTALL_PATH = "$(LOCAL_LIBRARY_DIR)/Frameworks";
				LD_RUNPATH_SEARCH_PATHS = "$(inherited) @executable_path/../Frameworks @loader_path/Frameworks";
				MACOSX_DEPLOYMENT_TARGET = 10.11;
				PRODUCT_BUNDLE_IDENTIFIER = "com.el-eleven.SwinjectStoryboard";
				PRODUCT_NAME = "$(PROJECT_NAME)";
				SDKROOT = macosx;
				SKIP_INSTALL = YES;
			};
			name = Release;
		};
		98D5628D1CDB173500DECDC0 /* Debug */ = {
			isa = XCBuildConfiguration;
			buildSettings = {
				CODE_SIGN_IDENTITY = "-";
				COMBINE_HIDPI_IMAGES = YES;
				INFOPLIST_FILE = Tests/Info.plist;
				LD_RUNPATH_SEARCH_PATHS = "$(inherited) @executable_path/../Frameworks @loader_path/../Frameworks";
				MACOSX_DEPLOYMENT_TARGET = 10.11;
				PRODUCT_BUNDLE_IDENTIFIER = "com.el-eleven.SwinjectStoryboardTests";
				PRODUCT_NAME = "$(PROJECT_NAME)Tests";
				SDKROOT = macosx;
			};
			name = Debug;
		};
		98D5628E1CDB173500DECDC0 /* Release */ = {
			isa = XCBuildConfiguration;
			buildSettings = {
				CODE_SIGN_IDENTITY = "-";
				COMBINE_HIDPI_IMAGES = YES;
				INFOPLIST_FILE = Tests/Info.plist;
				LD_RUNPATH_SEARCH_PATHS = "$(inherited) @executable_path/../Frameworks @loader_path/../Frameworks";
				MACOSX_DEPLOYMENT_TARGET = 10.11;
				PRODUCT_BUNDLE_IDENTIFIER = "com.el-eleven.SwinjectStoryboardTests";
				PRODUCT_NAME = "$(PROJECT_NAME)Tests";
				SDKROOT = macosx;
			};
			name = Release;
		};
		98D562A51CDB19AB00DECDC0 /* Debug */ = {
			isa = XCBuildConfiguration;
			buildSettings = {
				DEFINES_MODULE = YES;
				DYLIB_COMPATIBILITY_VERSION = 1;
				DYLIB_CURRENT_VERSION = 1;
				DYLIB_INSTALL_NAME_BASE = "@rpath";
				INFOPLIST_FILE = Sources/Info.plist;
				INSTALL_PATH = "$(LOCAL_LIBRARY_DIR)/Frameworks";
				LD_RUNPATH_SEARCH_PATHS = "$(inherited) @executable_path/Frameworks @loader_path/Frameworks";
				PRODUCT_BUNDLE_IDENTIFIER = "com.el-eleven.SwinjectStoryboard";
				PRODUCT_NAME = "$(PROJECT_NAME)";
				SDKROOT = appletvos;
				SKIP_INSTALL = YES;
				TARGETED_DEVICE_FAMILY = 3;
				TVOS_DEPLOYMENT_TARGET = 9.2;
			};
			name = Debug;
		};
		98D562A61CDB19AB00DECDC0 /* Release */ = {
			isa = XCBuildConfiguration;
			buildSettings = {
				DEFINES_MODULE = YES;
				DYLIB_COMPATIBILITY_VERSION = 1;
				DYLIB_CURRENT_VERSION = 1;
				DYLIB_INSTALL_NAME_BASE = "@rpath";
				INFOPLIST_FILE = Sources/Info.plist;
				INSTALL_PATH = "$(LOCAL_LIBRARY_DIR)/Frameworks";
				LD_RUNPATH_SEARCH_PATHS = "$(inherited) @executable_path/Frameworks @loader_path/Frameworks";
				PRODUCT_BUNDLE_IDENTIFIER = "com.el-eleven.SwinjectStoryboard";
				PRODUCT_NAME = "$(PROJECT_NAME)";
				SDKROOT = appletvos;
				SKIP_INSTALL = YES;
				TARGETED_DEVICE_FAMILY = 3;
				TVOS_DEPLOYMENT_TARGET = 9.2;
			};
			name = Release;
		};
		98D562A71CDB19AB00DECDC0 /* Debug */ = {
			isa = XCBuildConfiguration;
			buildSettings = {
				INFOPLIST_FILE = Tests/Info.plist;
				LD_RUNPATH_SEARCH_PATHS = "$(inherited) @executable_path/Frameworks @loader_path/Frameworks";
				PRODUCT_BUNDLE_IDENTIFIER = "com.el-eleven.SwinjectStoryboardTests";
				PRODUCT_NAME = "$(PROJECT_NAME)Tests";
				SDKROOT = appletvos;
				TVOS_DEPLOYMENT_TARGET = 9.2;
			};
			name = Debug;
		};
		98D562A81CDB19AB00DECDC0 /* Release */ = {
			isa = XCBuildConfiguration;
			buildSettings = {
				INFOPLIST_FILE = Tests/Info.plist;
				LD_RUNPATH_SEARCH_PATHS = "$(inherited) @executable_path/Frameworks @loader_path/Frameworks";
				PRODUCT_BUNDLE_IDENTIFIER = "com.el-eleven.SwinjectStoryboardTests";
				PRODUCT_NAME = "$(PROJECT_NAME)Tests";
				SDKROOT = appletvos;
				TVOS_DEPLOYMENT_TARGET = 9.2;
			};
			name = Release;
		};
/* End XCBuildConfiguration section */

/* Begin XCConfigurationList section */
		985904001CDB0AA700275E4A /* Build configuration list for PBXProject "SwinjectStoryboard" */ = {
			isa = XCConfigurationList;
			buildConfigurations = (
				985904181CDB0AA700275E4A /* Debug */,
				985904191CDB0AA700275E4A /* Release */,
			);
			defaultConfigurationIsVisible = 0;
			defaultConfigurationName = Release;
		};
		9859041A1CDB0AA700275E4A /* Build configuration list for PBXNativeTarget "SwinjectStoryboard-iOS" */ = {
			isa = XCConfigurationList;
			buildConfigurations = (
				9859041B1CDB0AA700275E4A /* Debug */,
				9859041C1CDB0AA700275E4A /* Release */,
			);
			defaultConfigurationIsVisible = 0;
			defaultConfigurationName = Release;
		};
		9859041D1CDB0AA700275E4A /* Build configuration list for PBXNativeTarget "SwinjectStoryboard-iOSTests" */ = {
			isa = XCConfigurationList;
			buildConfigurations = (
				9859041E1CDB0AA700275E4A /* Debug */,
				9859041F1CDB0AA700275E4A /* Release */,
			);
			defaultConfigurationIsVisible = 0;
			defaultConfigurationName = Release;
		};
		98D562891CDB173500DECDC0 /* Build configuration list for PBXNativeTarget "SwinjectStoryboard-OSX" */ = {
			isa = XCConfigurationList;
			buildConfigurations = (
				98D5628A1CDB173500DECDC0 /* Debug */,
				98D5628B1CDB173500DECDC0 /* Release */,
			);
			defaultConfigurationIsVisible = 0;
			defaultConfigurationName = Release;
		};
		98D5628C1CDB173500DECDC0 /* Build configuration list for PBXNativeTarget "SwinjectStoryboard-OSXTests" */ = {
			isa = XCConfigurationList;
			buildConfigurations = (
				98D5628D1CDB173500DECDC0 /* Debug */,
				98D5628E1CDB173500DECDC0 /* Release */,
			);
			defaultConfigurationIsVisible = 0;
			defaultConfigurationName = Release;
		};
		98D562A91CDB19AB00DECDC0 /* Build configuration list for PBXNativeTarget "SwinjectStoryboard-tvOS" */ = {
			isa = XCConfigurationList;
			buildConfigurations = (
				98D562A51CDB19AB00DECDC0 /* Debug */,
				98D562A61CDB19AB00DECDC0 /* Release */,
			);
			defaultConfigurationIsVisible = 0;
		};
		98D562AA1CDB19AB00DECDC0 /* Build configuration list for PBXNativeTarget "SwinjectStoryboard-tvOSTests" */ = {
			isa = XCConfigurationList;
			buildConfigurations = (
				98D562A71CDB19AB00DECDC0 /* Debug */,
				98D562A81CDB19AB00DECDC0 /* Release */,
			);
			defaultConfigurationIsVisible = 0;
		};
/* End XCConfigurationList section */
	};
	rootObject = 985903FD1CDB0AA700275E4A /* Project object */;
}
